
Microsoft Visual Studio Solution File, Format Version 12.00
# Visual Studio Version 17
VisualStudioVersion = 17.4.33213.308
MinimumVisualStudioVersion = 10.0.40219.1
Project("{2150E333-8FDC-42A3-9474-1A3956D46DE8}") = "src", "src", "{FE877533-D02F-4541-BF50-E0395051F0D5}"
EndProject
Project("{2150E333-8FDC-42A3-9474-1A3956D46DE8}") = "Core", "Core", "{3F3EDE72-9BDA-4743-BCC8-9DA66199542B}"
EndProject
Project("{2150E333-8FDC-42A3-9474-1A3956D46DE8}") = "Infrastructure", "Infrastructure", "{B1A8D01D-0BFF-4C41-9F3D-872A11F7D161}"
EndProject
Project("{2150E333-8FDC-42A3-9474-1A3956D46DE8}") = "Api", "Api", "{340EFB87-0246-476E-877D-EC972D129CC4}"
EndProject
Project("{9A19103F-16F7-4668-BE54-9A1E7A4F7556}") = "EventManagement.Domain", "EventManagement.Domain\EventManagement.Domain.csproj", "{C918FD50-4B8A-46F3-A779-4A1ACEFC2FF9}"
EndProject
Project("{9A19103F-16F7-4668-BE54-9A1E7A4F7556}") = "EventManagement.Application", "EventManagement.Application\EventManagement.Application.csproj", "{112C0C75-79C4-42F3-A1CE-0AD16D4240D5}"
EndProject
Project("{9A19103F-16F7-4668-BE54-9A1E7A4F7556}") = "EventManagement.Infrastructure", "EventManagement.Infrastructure\EventManagement.Infrastructure.csproj", "{7C0AFCE7-CF29-48A5-8B7C-04FA682276F7}"
EndProject
Project("{9A19103F-16F7-4668-BE54-9A1E7A4F7556}") = "EventManagement.Persistence", "EventManagement.Persistence\EventManagement.Persistence.csproj", "{09BEDDF9-A963-4A3F-B877-0136C7CD5D53}"
EndProject
Project("{9A19103F-16F7-4668-BE54-9A1E7A4F7556}") = "EventManagement.API", "EventManagement.API\EventManagement.API.csproj", "{B008F50E-B3FB-497C-AF70-23A086959F53}"
EndProject
Project("{9A19103F-16F7-4668-BE54-9A1E7A4F7556}") = "EventManagement.Worker", "EventManagement.Workers\EventManagement.Worker.csproj", "{18CD2CB6-35F0-45ED-B523-FF4BC8B202B3}"
EndProject
Project("{2150E333-8FDC-42A3-9474-1A3956D46DE8}") = "Worker", "Worker", "{0F5D4E3D-8B7D-4FCD-B2A0-9608DB59CE41}"
EndProject
Project("{2150E333-8FDC-42A3-9474-1A3956D46DE8}") = "Shared", "Shared", "{5779CB57-6A39-45D5-92C3-6FEFC5D44F18}"
EndProject
Project("{9A19103F-16F7-4668-BE54-9A1E7A4F7556}") = "EventManagement.Shared", "EventManagement.Shared\EventManagement.Shared.csproj", "{47A383DB-8F7D-44D7-B703-2DF309C1FEC1}"
EndProject
Global
	GlobalSection(SolutionConfigurationPlatforms) = preSolution
		Debug|Any CPU = Debug|Any CPU
		Release|Any CPU = Release|Any CPU
	EndGlobalSection
	GlobalSection(ProjectConfigurationPlatforms) = postSolution
		{C918FD50-4B8A-46F3-A779-4A1ACEFC2FF9}.Debug|Any CPU.ActiveCfg = Debug|Any CPU
		{C918FD50-4B8A-46F3-A779-4A1ACEFC2FF9}.Debug|Any CPU.Build.0 = Debug|Any CPU
		{C918FD50-4B8A-46F3-A779-4A1ACEFC2FF9}.Release|Any CPU.ActiveCfg = Release|Any CPU
		{C918FD50-4B8A-46F3-A779-4A1ACEFC2FF9}.Release|Any CPU.Build.0 = Release|Any CPU
		{112C0C75-79C4-42F3-A1CE-0AD16D4240D5}.Debug|Any CPU.ActiveCfg = Debug|Any CPU
		{112C0C75-79C4-42F3-A1CE-0AD16D4240D5}.Debug|Any CPU.Build.0 = Debug|Any CPU
		{112C0C75-79C4-42F3-A1CE-0AD16D4240D5}.Release|Any CPU.ActiveCfg = Release|Any CPU
		{112C0C75-79C4-42F3-A1CE-0AD16D4240D5}.Release|Any CPU.Build.0 = Release|Any CPU
		{7C0AFCE7-CF29-48A5-8B7C-04FA682276F7}.Debug|Any CPU.ActiveCfg = Debug|Any CPU
		{7C0AFCE7-CF29-48A5-8B7C-04FA682276F7}.Debug|Any CPU.Build.0 = Debug|Any CPU
		{7C0AFCE7-CF29-48A5-8B7C-04FA682276F7}.Release|Any CPU.ActiveCfg = Release|Any CPU
		{7C0AFCE7-CF29-48A5-8B7C-04FA682276F7}.Release|Any CPU.Build.0 = Release|Any CPU
		{09BEDDF9-A963-4A3F-B877-0136C7CD5D53}.Debug|Any CPU.ActiveCfg = Debug|Any CPU
		{09BEDDF9-A963-4A3F-B877-0136C7CD5D53}.Debug|Any CPU.Build.0 = Debug|Any CPU
		{09BEDDF9-A963-4A3F-B877-0136C7CD5D53}.Release|Any CPU.ActiveCfg = Release|Any CPU
		{09BEDDF9-A963-4A3F-B877-0136C7CD5D53}.Release|Any CPU.Build.0 = Release|Any CPU
		{B008F50E-B3FB-497C-AF70-23A086959F53}.Debug|Any CPU.ActiveCfg = Debug|Any CPU
		{B008F50E-B3FB-497C-AF70-23A086959F53}.Debug|Any CPU.Build.0 = Debug|Any CPU
		{B008F50E-B3FB-497C-AF70-23A086959F53}.Release|Any CPU.ActiveCfg = Release|Any CPU
		{B008F50E-B3FB-497C-AF70-23A086959F53}.Release|Any CPU.Build.0 = Release|Any CPU
		{18CD2CB6-35F0-45ED-B523-FF4BC8B202B3}.Debug|Any CPU.ActiveCfg = Debug|Any CPU
		{18CD2CB6-35F0-45ED-B523-FF4BC8B202B3}.Debug|Any CPU.Build.0 = Debug|Any CPU
		{18CD2CB6-35F0-45ED-B523-FF4BC8B202B3}.Release|Any CPU.ActiveCfg = Release|Any CPU
		{18CD2CB6-35F0-45ED-B523-FF4BC8B202B3}.Release|Any CPU.Build.0 = Release|Any CPU
		{47A383DB-8F7D-44D7-B703-2DF309C1FEC1}.Debug|Any CPU.ActiveCfg = Debug|Any CPU
		{47A383DB-8F7D-44D7-B703-2DF309C1FEC1}.Debug|Any CPU.Build.0 = Debug|Any CPU
		{47A383DB-8F7D-44D7-B703-2DF309C1FEC1}.Release|Any CPU.ActiveCfg = Release|Any CPU
		{47A383DB-8F7D-44D7-B703-2DF309C1FEC1}.Release|Any CPU.Build.0 = Release|Any CPU
	EndGlobalSection
	GlobalSection(SolutionProperties) = preSolution
		HideSolutionNode = FALSE
	EndGlobalSection
	GlobalSection(NestedProjects) = preSolution
		{3F3EDE72-9BDA-4743-BCC8-9DA66199542B} = {FE877533-D02F-4541-BF50-E0395051F0D5}
		{B1A8D01D-0BFF-4C41-9F3D-872A11F7D161} = {FE877533-D02F-4541-BF50-E0395051F0D5}
		{340EFB87-0246-476E-877D-EC972D129CC4} = {FE877533-D02F-4541-BF50-E0395051F0D5}
		{C918FD50-4B8A-46F3-A779-4A1ACEFC2FF9} = {3F3EDE72-9BDA-4743-BCC8-9DA66199542B}
		{112C0C75-79C4-42F3-A1CE-0AD16D4240D5} = {3F3EDE72-9BDA-4743-BCC8-9DA66199542B}
		{7C0AFCE7-CF29-48A5-8B7C-04FA682276F7} = {B1A8D01D-0BFF-4C41-9F3D-872A11F7D161}
		{09BEDDF9-A963-4A3F-B877-0136C7CD5D53} = {B1A8D01D-0BFF-4C41-9F3D-872A11F7D161}
		{B008F50E-B3FB-497C-AF70-23A086959F53} = {340EFB87-0246-476E-877D-EC972D129CC4}
		{18CD2CB6-35F0-45ED-B523-FF4BC8B202B3} = {0F5D4E3D-8B7D-4FCD-B2A0-9608DB59CE41}
		{0F5D4E3D-8B7D-4FCD-B2A0-9608DB59CE41} = {FE877533-D02F-4541-BF50-E0395051F0D5}
		{5779CB57-6A39-45D5-92C3-6FEFC5D44F18} = {FE877533-D02F-4541-BF50-E0395051F0D5}
		{47A383DB-8F7D-44D7-B703-2DF309C1FEC1} = {5779CB57-6A39-45D5-92C3-6FEFC5D44F18}
	EndGlobalSection
	GlobalSection(ExtensibilityGlobals) = postSolution
		SolutionGuid = {E12C4B52-EBC6-46A0-A83C-607EFE5BD40B}
	EndGlobalSection
EndGlobal
